// !$*UTF8*$!
{
	archiveVersion = 1;
	classes = {
	};
	objectVersion = 46;
	objects = {

/* Begin PBXBuildFile section */
		4F6ABBBCFE2E42399BFFEFC8 /* libPods.a in Frameworks */ = {isa = PBXBuildFile; fileRef = 8D88B6EE341E4BB49404DDD2 /* libPods.a */; };
		890129AF1986BE3300D9874A /* Note.m in Sources */ = {isa = PBXBuildFile; fileRef = 890129AE1986BE3300D9874A /* Note.m */; };
		890129B81986BEA700D9874A /* Insight.m in Sources */ = {isa = PBXBuildFile; fileRef = 890129B71986BEA700D9874A /* Insight.m */; };
		891A7FFD19A651F9000106C9 /* CoreLocation.framework in Frameworks */ = {isa = PBXBuildFile; fileRef = 891A7FFC19A651F9000106C9 /* CoreLocation.framework */; };
		891B94631948C84600BEAEC9 /* FeedControllerViewController.m in Sources */ = {isa = PBXBuildFile; fileRef = 891B94621948C84600BEAEC9 /* FeedControllerViewController.m */; };
		891B94661948C9FF00BEAEC9 /* BlankCheckViewCell.m in Sources */ = {isa = PBXBuildFile; fileRef = 891B94651948C9FF00BEAEC9 /* BlankCheckViewCell.m */; };
		89287EA719817DD600382C81 /* SideTableViewController.m in Sources */ = {isa = PBXBuildFile; fileRef = 89287EA619817DD600382C81 /* SideTableViewController.m */; };
		89571BAD199ACFE600475614 /* SocialHelper.m in Sources */ = {isa = PBXBuildFile; fileRef = 89571BAC199ACFE600475614 /* SocialHelper.m */; };
		89571BB0199BE5E200475614 /* NoteTableViewController.m in Sources */ = {isa = PBXBuildFile; fileRef = 89571BAF199BE5E200475614 /* NoteTableViewController.m */; };
		89571BB3199BE71200475614 /* NoteTableViewCell.m in Sources */ = {isa = PBXBuildFile; fileRef = 89571BB2199BE71200475614 /* NoteTableViewCell.m */; };
		895AF662195235A700B20DA6 /* FeedBrowserTableViewController.m in Sources */ = {isa = PBXBuildFile; fileRef = 895AF661195235A700B20DA6 /* FeedBrowserTableViewController.m */; };
		895AF665195235FD00B20DA6 /* FeedTableViewCell.m in Sources */ = {isa = PBXBuildFile; fileRef = 895AF664195235FD00B20DA6 /* FeedTableViewCell.m */; };
		896DB15F19A3B5FA00731649 /* ValueController.m in Sources */ = {isa = PBXBuildFile; fileRef = 896DB15E19A3B5FA00731649 /* ValueController.m */; };
		8971C6EE197C6FF80024D3A1 /* CoreData.framework in Frameworks */ = {isa = PBXBuildFile; fileRef = 8937E7631976FE89004BA64D /* CoreData.framework */; };
		8971C71E197D85600024D3A1 /* CoreDataHelper.m in Sources */ = {isa = PBXBuildFile; fileRef = 8971C71D197D85600024D3A1 /* CoreDataHelper.m */; };
		8971C736197F0E390024D3A1 /* ProblemView.m in Sources */ = {isa = PBXBuildFile; fileRef = 8971C735197F0E390024D3A1 /* ProblemView.m */; };
		89779DF0196488E600AC81CA /* ExpertInsightView.m in Sources */ = {isa = PBXBuildFile; fileRef = 89779DEF196488E600AC81CA /* ExpertInsightView.m */; };
		89779DF319648AAC00AC81CA /* UserInfoView.m in Sources */ = {isa = PBXBuildFile; fileRef = 89779DF219648AAC00AC81CA /* UserInfoView.m */; };
		89779DF619648ABC00AC81CA /* TimelineView.m in Sources */ = {isa = PBXBuildFile; fileRef = 89779DF519648ABC00AC81CA /* TimelineView.m */; };
		89779DF919648ACF00AC81CA /* ExpertAppraisalView.m in Sources */ = {isa = PBXBuildFile; fileRef = 89779DF819648ACF00AC81CA /* ExpertAppraisalView.m */; };
		89779E0A1965DCF700AC81CA /* SearchViewController.m in Sources */ = {isa = PBXBuildFile; fileRef = 89779E091965DCF700AC81CA /* SearchViewController.m */; };
		89779E13196B12F600AC81CA /* LoadingView.m in Sources */ = {isa = PBXBuildFile; fileRef = 89779E12196B12F600AC81CA /* LoadingView.m */; };
		89779E19196C530100AC81CA /* ExpertAppraisal.m in Sources */ = {isa = PBXBuildFile; fileRef = 89779E18196C530100AC81CA /* ExpertAppraisal.m */; };
		89779E1C196C588C00AC81CA /* TimelineEvent.m in Sources */ = {isa = PBXBuildFile; fileRef = 89779E1B196C588C00AC81CA /* TimelineEvent.m */; };
		8978FBCB193E562600BF0921 /* PresetSearchViewController.m in Sources */ = {isa = PBXBuildFile; fileRef = 8978FBCA193E562600BF0921 /* PresetSearchViewController.m */; };
		897F02321958A4B200A770A6 /* DetailScrollViewController.m in Sources */ = {isa = PBXBuildFile; fileRef = 897F02311958A4B200A770A6 /* DetailScrollViewController.m */; };
		897F02351958E8D000A770A6 /* LoginViewController.m in Sources */ = {isa = PBXBuildFile; fileRef = 897F02341958E8D000A770A6 /* LoginViewController.m */; };
		898A7D6419A1925D00AED48B /* PresetSearchResultsTableViewController.m in Sources */ = {isa = PBXBuildFile; fileRef = 898A7D6319A1925D00AED48B /* PresetSearchResultsTableViewController.m */; };
		899616B619461E3100C75B99 /* PresetViewController.m in Sources */ = {isa = PBXBuildFile; fileRef = 899616B519461E3100C75B99 /* PresetViewController.m */; };
		899616B919464DF600C75B99 /* LanguageProcessing.m in Sources */ = {isa = PBXBuildFile; fileRef = 899616B819464DF600C75B99 /* LanguageProcessing.m */; };
		89A143901940E65700FDEC4F /* UIColor+BlankCheckColors.m in Sources */ = {isa = PBXBuildFile; fileRef = 89A1438F1940E65700FDEC4F /* UIColor+BlankCheckColors.m */; };
		89B06FCB1950AD6100ACC733 /* SocialController.m in Sources */ = {isa = PBXBuildFile; fileRef = 89B06FCA1950AD6100ACC733 /* SocialController.m */; };
		89B571EC198059F3006FBF14 /* Language.m in Sources */ = {isa = PBXBuildFile; fileRef = 89B571EB198059F3006FBF14 /* Language.m */; };
		89B571EF198059F3006FBF14 /* Value.m in Sources */ = {isa = PBXBuildFile; fileRef = 89B571EE198059F3006FBF14 /* Value.m */; };
		89B571F2198059F3006FBF14 /* School.m in Sources */ = {isa = PBXBuildFile; fileRef = 89B571F1198059F3006FBF14 /* School.m */; };
		89B571F5198059F3006FBF14 /* Job.m in Sources */ = {isa = PBXBuildFile; fileRef = 89B571F4198059F3006FBF14 /* Job.m */; };
		89B6E4741986C8AA00BB413E /* libz.dylib in Frameworks */ = {isa = PBXBuildFile; fileRef = 8937E7651976FE98004BA64D /* libz.dylib */; };
		89B6E4751986C8BC00BB413E /* AdSupport.framework in Frameworks */ = {isa = PBXBuildFile; fileRef = 8937E7611976FE82004BA64D /* AdSupport.framework */; };
		89B6E4DD1986CD0600BB413E /* libsqlite3.0.dylib in Frameworks */ = {isa = PBXBuildFile; fileRef = 89B6E4DC1986CD0600BB413E /* libsqlite3.0.dylib */; };
		89B6E4EA1986CD1600BB413E /* libGoogleAnalyticsServices.a in Frameworks */ = {isa = PBXBuildFile; fileRef = 89B6E4E91986CD1600BB413E /* libGoogleAnalyticsServices.a */; };
		89C973AF192564AF00EC6004 /* Foundation.framework in Frameworks */ = {isa = PBXBuildFile; fileRef = 89C973AE192564AF00EC6004 /* Foundation.framework */; };
		89C973B1192564AF00EC6004 /* CoreGraphics.framework in Frameworks */ = {isa = PBXBuildFile; fileRef = 89C973B0192564AF00EC6004 /* CoreGraphics.framework */; };
		89C973B3192564AF00EC6004 /* UIKit.framework in Frameworks */ = {isa = PBXBuildFile; fileRef = 89C973B2192564AF00EC6004 /* UIKit.framework */; };
		89C973B9192564AF00EC6004 /* InfoPlist.strings in Resources */ = {isa = PBXBuildFile; fileRef = 89C973B7192564AF00EC6004 /* InfoPlist.strings */; };
		89C973BB192564AF00EC6004 /* main.m in Sources */ = {isa = PBXBuildFile; fileRef = 89C973BA192564AF00EC6004 /* main.m */; };
		89C973BF192564AF00EC6004 /* AppDelegate.m in Sources */ = {isa = PBXBuildFile; fileRef = 89C973BE192564AF00EC6004 /* AppDelegate.m */; };
		89C973C2192564AF00EC6004 /* Main_iPhone.storyboard in Resources */ = {isa = PBXBuildFile; fileRef = 89C973C0192564AF00EC6004 /* Main_iPhone.storyboard */; };
		89C973C5192564AF00EC6004 /* Main_iPad.storyboard in Resources */ = {isa = PBXBuildFile; fileRef = 89C973C3192564AF00EC6004 /* Main_iPad.storyboard */; };
		89C973C8192564AF00EC6004 /* ViewController.m in Sources */ = {isa = PBXBuildFile; fileRef = 89C973C7192564AF00EC6004 /* ViewController.m */; };
		89C973CA192564AF00EC6004 /* Images.xcassets in Resources */ = {isa = PBXBuildFile; fileRef = 89C973C9192564AF00EC6004 /* Images.xcassets */; };
		89C973D2192564AF00EC6004 /* Foundation.framework in Frameworks */ = {isa = PBXBuildFile; fileRef = 89C973AE192564AF00EC6004 /* Foundation.framework */; };
		89C973D3192564AF00EC6004 /* UIKit.framework in Frameworks */ = {isa = PBXBuildFile; fileRef = 89C973B2192564AF00EC6004 /* UIKit.framework */; };
		89C973DB192564AF00EC6004 /* InfoPlist.strings in Resources */ = {isa = PBXBuildFile; fileRef = 89C973D9192564AF00EC6004 /* InfoPlist.strings */; };
		89C973DD192564AF00EC6004 /* Blank_CheckTests.m in Sources */ = {isa = PBXBuildFile; fileRef = 89C973DC192564AF00EC6004 /* Blank_CheckTests.m */; };
		89C973E81925650C00EC6004 /* NetworkController.m in Sources */ = {isa = PBXBuildFile; fileRef = 89C973E71925650C00EC6004 /* NetworkController.m */; };
		89C973EB192565D800EC6004 /* Constants.m in Sources */ = {isa = PBXBuildFile; fileRef = 89C973EA192565D800EC6004 /* Constants.m */; };
		89D24ACF198AA7870042967E /* PauseViewController.m in Sources */ = {isa = PBXBuildFile; fileRef = 89D24ACE198AA7870042967E /* PauseViewController.m */; };
		89D417A9197858D300A0CA4F /* BlankCheck.xcdatamodeld in Sources */ = {isa = PBXBuildFile; fileRef = 89D417A7197858D300A0CA4F /* BlankCheck.xcdatamodeld */; };
		89F1F8D2197042B100ECC1B3 /* QuartzCore.framework in Frameworks */ = {isa = PBXBuildFile; fileRef = 89F1F8D1197042B100ECC1B3 /* QuartzCore.framework */; };
		89F1F8D4197042B500ECC1B3 /* CoreText.framework in Frameworks */ = {isa = PBXBuildFile; fileRef = 89F1F8D3197042B500ECC1B3 /* CoreText.framework */; };
		89F1F8D6197042BD00ECC1B3 /* Security.framework in Frameworks */ = {isa = PBXBuildFile; fileRef = 89F1F8D5197042BD00ECC1B3 /* Security.framework */; };
		89F1F8D8197042C400ECC1B3 /* SystemConfiguration.framework in Frameworks */ = {isa = PBXBuildFile; fileRef = 89F1F8D7197042C400ECC1B3 /* SystemConfiguration.framework */; };
		89F1F8F21970889F00ECC1B3 /* HockeySDK.framework in Frameworks */ = {isa = PBXBuildFile; fileRef = 89F1F8EE1970889F00ECC1B3 /* HockeySDK.framework */; };
		89F1F8F31970889F00ECC1B3 /* HockeySDK.xcconfig in Resources */ = {isa = PBXBuildFile; fileRef = 89F1F8F01970889F00ECC1B3 /* HockeySDK.xcconfig */; };
		89F1F8F41970889F00ECC1B3 /* HockeySDKResources.bundle in Resources */ = {isa = PBXBuildFile; fileRef = 89F1F8F11970889F00ECC1B3 /* HockeySDKResources.bundle */; };
		89F8AE0C1977147600FF37D1 /* libFlurry_5.2.0.a in Frameworks */ = {isa = PBXBuildFile; fileRef = 89F8AE0B1977147600FF37D1 /* libFlurry_5.2.0.a */; };
		89FEC8C419A67C4F00964585 /* LocationController.m in Sources */ = {isa = PBXBuildFile; fileRef = 89FEC8C319A67C4F00964585 /* LocationController.m */; };
		89FEC8CA19A67DF500964585 /* Worker.m in Sources */ = {isa = PBXBuildFile; fileRef = 89FEC8C919A67DF500964585 /* Worker.m */; };
		89FEC8CD19A6924800964585 /* Connection.m in Sources */ = {isa = PBXBuildFile; fileRef = 89FEC8CC19A6924800964585 /* Connection.m */; };
		89FEC91419A9415800964585 /* OldController.m in Sources */ = {isa = PBXBuildFile; fileRef = 89FEC91319A9415800964585 /* OldController.m */; };
		89FEC91719AB9E0D00964585 /* NSURLSessionHelper.m in Sources */ = {isa = PBXBuildFile; fileRef = 89FEC91619AB9E0D00964585 /* NSURLSessionHelper.m */; };
/* End PBXBuildFile section */

/* Begin PBXContainerItemProxy section */
		8964CCA51970953C0026619A /* PBXContainerItemProxy */ = {
			isa = PBXContainerItemProxy;
			containerPortal = 89C973A3192564AF00EC6004 /* Project object */;
			proxyType = 1;
			remoteGlobalIDString = 89C973AA192564AF00EC6004;
			remoteInfo = "Blank Check";
		};
		8964CCA71970953C0026619A /* PBXContainerItemProxy */ = {
			isa = PBXContainerItemProxy;
			containerPortal = 89C973A3192564AF00EC6004 /* Project object */;
			proxyType = 1;
			remoteGlobalIDString = 89C973AA192564AF00EC6004;
			remoteInfo = "Blank Check";
		};
		89C973D4192564AF00EC6004 /* PBXContainerItemProxy */ = {
			isa = PBXContainerItemProxy;
			containerPortal = 89C973A3192564AF00EC6004 /* Project object */;
			proxyType = 1;
			remoteGlobalIDString = 89C973AA192564AF00EC6004;
			remoteInfo = "Blank Check";
		};
/* End PBXContainerItemProxy section */

/* Begin PBXFileReference section */
		890129AD1986BE3300D9874A /* Note.h */ = {isa = PBXFileReference; fileEncoding = 4; lastKnownFileType = sourcecode.c.h; path = Note.h; sourceTree = "<group>"; };
		890129AE1986BE3300D9874A /* Note.m */ = {isa = PBXFileReference; fileEncoding = 4; lastKnownFileType = sourcecode.c.objc; path = Note.m; sourceTree = "<group>"; };
		890129B61986BEA700D9874A /* Insight.h */ = {isa = PBXFileReference; fileEncoding = 4; lastKnownFileType = sourcecode.c.h; path = Insight.h; sourceTree = "<group>"; };
		890129B71986BEA700D9874A /* Insight.m */ = {isa = PBXFileReference; fileEncoding = 4; lastKnownFileType = sourcecode.c.objc; path = Insight.m; sourceTree = "<group>"; };
		891A7FFC19A651F9000106C9 /* CoreLocation.framework */ = {isa = PBXFileReference; lastKnownFileType = wrapper.framework; name = CoreLocation.framework; path = System/Library/Frameworks/CoreLocation.framework; sourceTree = SDKROOT; };
		891B94611948C84600BEAEC9 /* FeedControllerViewController.h */ = {isa = PBXFileReference; fileEncoding = 4; lastKnownFileType = sourcecode.c.h; name = FeedControllerViewController.h; path = ../FeedControllerViewController.h; sourceTree = "<group>"; };
		891B94621948C84600BEAEC9 /* FeedControllerViewController.m */ = {isa = PBXFileReference; fileEncoding = 4; lastKnownFileType = sourcecode.c.objc; name = FeedControllerViewController.m; path = ../FeedControllerViewController.m; sourceTree = "<group>"; };
		891B94641948C9FF00BEAEC9 /* BlankCheckViewCell.h */ = {isa = PBXFileReference; fileEncoding = 4; lastKnownFileType = sourcecode.c.h; name = BlankCheckViewCell.h; path = ../BlankCheckViewCell.h; sourceTree = "<group>"; };
		891B94651948C9FF00BEAEC9 /* BlankCheckViewCell.m */ = {isa = PBXFileReference; fileEncoding = 4; lastKnownFileType = sourcecode.c.objc; name = BlankCheckViewCell.m; path = ../BlankCheckViewCell.m; sourceTree = "<group>"; wrapsLines = 0; };
		89287EA519817DD600382C81 /* SideTableViewController.h */ = {isa = PBXFileReference; fileEncoding = 4; lastKnownFileType = sourcecode.c.h; path = SideTableViewController.h; sourceTree = "<group>"; };
		89287EA619817DD600382C81 /* SideTableViewController.m */ = {isa = PBXFileReference; fileEncoding = 4; lastKnownFileType = sourcecode.c.objc; path = SideTableViewController.m; sourceTree = "<group>"; };
		8937E7611976FE82004BA64D /* AdSupport.framework */ = {isa = PBXFileReference; lastKnownFileType = wrapper.framework; name = AdSupport.framework; path = System/Library/Frameworks/AdSupport.framework; sourceTree = SDKROOT; };
		8937E7631976FE89004BA64D /* CoreData.framework */ = {isa = PBXFileReference; lastKnownFileType = wrapper.framework; name = CoreData.framework; path = System/Library/Frameworks/CoreData.framework; sourceTree = SDKROOT; };
		8937E7651976FE98004BA64D /* libz.dylib */ = {isa = PBXFileReference; lastKnownFileType = "compiled.mach-o.dylib"; name = libz.dylib; path = usr/lib/libz.dylib; sourceTree = SDKROOT; };
		8945706019881FE00082D462 /* Recommendation.h */ = {isa = PBXFileReference; fileEncoding = 4; lastKnownFileType = sourcecode.c.h; path = Recommendation.h; sourceTree = "<group>"; };
		8945706119881FE00082D462 /* Recommendation.m */ = {isa = PBXFileReference; fileEncoding = 4; lastKnownFileType = sourcecode.c.objc; path = Recommendation.m; sourceTree = "<group>"; };
		89571BAB199ACFE600475614 /* SocialHelper.h */ = {isa = PBXFileReference; fileEncoding = 4; lastKnownFileType = sourcecode.c.h; path = SocialHelper.h; sourceTree = "<group>"; };
		89571BAC199ACFE600475614 /* SocialHelper.m */ = {isa = PBXFileReference; fileEncoding = 4; lastKnownFileType = sourcecode.c.objc; path = SocialHelper.m; sourceTree = "<group>"; };
		89571BAE199BE5E200475614 /* NoteTableViewController.h */ = {isa = PBXFileReference; fileEncoding = 4; lastKnownFileType = sourcecode.c.h; path = NoteTableViewController.h; sourceTree = "<group>"; };
		89571BAF199BE5E200475614 /* NoteTableViewController.m */ = {isa = PBXFileReference; fileEncoding = 4; lastKnownFileType = sourcecode.c.objc; path = NoteTableViewController.m; sourceTree = "<group>"; };
		89571BB1199BE71200475614 /* NoteTableViewCell.h */ = {isa = PBXFileReference; fileEncoding = 4; lastKnownFileType = sourcecode.c.h; path = NoteTableViewCell.h; sourceTree = "<group>"; };
		89571BB2199BE71200475614 /* NoteTableViewCell.m */ = {isa = PBXFileReference; fileEncoding = 4; lastKnownFileType = sourcecode.c.objc; path = NoteTableViewCell.m; sourceTree = "<group>"; };
		895AF660195235A700B20DA6 /* FeedBrowserTableViewController.h */ = {isa = PBXFileReference; fileEncoding = 4; lastKnownFileType = sourcecode.c.h; name = FeedBrowserTableViewController.h; path = ../FeedBrowserTableViewController.h; sourceTree = "<group>"; };
		895AF661195235A700B20DA6 /* FeedBrowserTableViewController.m */ = {isa = PBXFileReference; fileEncoding = 4; lastKnownFileType = sourcecode.c.objc; name = FeedBrowserTableViewController.m; path = ../FeedBrowserTableViewController.m; sourceTree = "<group>"; };
		895AF663195235FD00B20DA6 /* FeedTableViewCell.h */ = {isa = PBXFileReference; fileEncoding = 4; lastKnownFileType = sourcecode.c.h; name = FeedTableViewCell.h; path = ../FeedTableViewCell.h; sourceTree = "<group>"; };
		895AF664195235FD00B20DA6 /* FeedTableViewCell.m */ = {isa = PBXFileReference; fileEncoding = 4; lastKnownFileType = sourcecode.c.objc; name = FeedTableViewCell.m; path = ../FeedTableViewCell.m; sourceTree = "<group>"; };
		896DB15D19A3B5FA00731649 /* ValueController.h */ = {isa = PBXFileReference; fileEncoding = 4; lastKnownFileType = sourcecode.c.h; path = ValueController.h; sourceTree = "<group>"; };
		896DB15E19A3B5FA00731649 /* ValueController.m */ = {isa = PBXFileReference; fileEncoding = 4; lastKnownFileType = sourcecode.c.objc; path = ValueController.m; sourceTree = "<group>"; };
		8971C71C197D85600024D3A1 /* CoreDataHelper.h */ = {isa = PBXFileReference; fileEncoding = 4; lastKnownFileType = sourcecode.c.h; path = CoreDataHelper.h; sourceTree = "<group>"; };
		8971C71D197D85600024D3A1 /* CoreDataHelper.m */ = {isa = PBXFileReference; fileEncoding = 4; lastKnownFileType = sourcecode.c.objc; path = CoreDataHelper.m; sourceTree = "<group>"; };
		8971C734197F0E390024D3A1 /* ProblemView.h */ = {isa = PBXFileReference; fileEncoding = 4; lastKnownFileType = sourcecode.c.h; path = ProblemView.h; sourceTree = "<group>"; };
		8971C735197F0E390024D3A1 /* ProblemView.m */ = {isa = PBXFileReference; fileEncoding = 4; lastKnownFileType = sourcecode.c.objc; path = ProblemView.m; sourceTree = "<group>"; };
		89779DEE196488E600AC81CA /* ExpertInsightView.h */ = {isa = PBXFileReference; fileEncoding = 4; lastKnownFileType = sourcecode.c.h; name = ExpertInsightView.h; path = ../ExpertInsightView.h; sourceTree = "<group>"; };
		89779DEF196488E600AC81CA /* ExpertInsightView.m */ = {isa = PBXFileReference; fileEncoding = 4; lastKnownFileType = sourcecode.c.objc; name = ExpertInsightView.m; path = ../ExpertInsightView.m; sourceTree = "<group>"; };
		89779DF119648AAC00AC81CA /* UserInfoView.h */ = {isa = PBXFileReference; fileEncoding = 4; lastKnownFileType = sourcecode.c.h; name = UserInfoView.h; path = ../UserInfoView.h; sourceTree = "<group>"; };
		89779DF219648AAC00AC81CA /* UserInfoView.m */ = {isa = PBXFileReference; fileEncoding = 4; lastKnownFileType = sourcecode.c.objc; name = UserInfoView.m; path = ../UserInfoView.m; sourceTree = "<group>"; };
		89779DF419648ABC00AC81CA /* TimelineView.h */ = {isa = PBXFileReference; fileEncoding = 4; lastKnownFileType = sourcecode.c.h; name = TimelineView.h; path = ../TimelineView.h; sourceTree = "<group>"; };
		89779DF519648ABC00AC81CA /* TimelineView.m */ = {isa = PBXFileReference; fileEncoding = 4; lastKnownFileType = sourcecode.c.objc; name = TimelineView.m; path = ../TimelineView.m; sourceTree = "<group>"; };
		89779DF719648ACF00AC81CA /* ExpertAppraisalView.h */ = {isa = PBXFileReference; fileEncoding = 4; lastKnownFileType = sourcecode.c.h; name = ExpertAppraisalView.h; path = ../ExpertAppraisalView.h; sourceTree = "<group>"; };
		89779DF819648ACF00AC81CA /* ExpertAppraisalView.m */ = {isa = PBXFileReference; fileEncoding = 4; lastKnownFileType = sourcecode.c.objc; name = ExpertAppraisalView.m; path = ../ExpertAppraisalView.m; sourceTree = "<group>"; };
		89779E081965DCF700AC81CA /* SearchViewController.h */ = {isa = PBXFileReference; fileEncoding = 4; lastKnownFileType = sourcecode.c.h; name = SearchViewController.h; path = ../SearchViewController.h; sourceTree = "<group>"; };
		89779E091965DCF700AC81CA /* SearchViewController.m */ = {isa = PBXFileReference; fileEncoding = 4; lastKnownFileType = sourcecode.c.objc; name = SearchViewController.m; path = ../SearchViewController.m; sourceTree = "<group>"; };
		89779E11196B12F600AC81CA /* LoadingView.h */ = {isa = PBXFileReference; fileEncoding = 4; lastKnownFileType = sourcecode.c.h; name = LoadingView.h; path = ../LoadingView.h; sourceTree = "<group>"; };
		89779E12196B12F600AC81CA /* LoadingView.m */ = {isa = PBXFileReference; fileEncoding = 4; lastKnownFileType = sourcecode.c.objc; name = LoadingView.m; path = ../LoadingView.m; sourceTree = "<group>"; };
		89779E17196C530100AC81CA /* ExpertAppraisal.h */ = {isa = PBXFileReference; fileEncoding = 4; lastKnownFileType = sourcecode.c.h; path = ExpertAppraisal.h; sourceTree = "<group>"; };
		89779E18196C530100AC81CA /* ExpertAppraisal.m */ = {isa = PBXFileReference; fileEncoding = 4; lastKnownFileType = sourcecode.c.objc; path = ExpertAppraisal.m; sourceTree = "<group>"; };
		89779E1A196C588C00AC81CA /* TimelineEvent.h */ = {isa = PBXFileReference; fileEncoding = 4; lastKnownFileType = sourcecode.c.h; path = TimelineEvent.h; sourceTree = "<group>"; };
		89779E1B196C588C00AC81CA /* TimelineEvent.m */ = {isa = PBXFileReference; fileEncoding = 4; lastKnownFileType = sourcecode.c.objc; path = TimelineEvent.m; sourceTree = "<group>"; };
		8978FBC9193E562600BF0921 /* PresetSearchViewController.h */ = {isa = PBXFileReference; fileEncoding = 4; lastKnownFileType = sourcecode.c.h; name = PresetSearchViewController.h; path = ../PresetSearchViewController.h; sourceTree = "<group>"; };
		8978FBCA193E562600BF0921 /* PresetSearchViewController.m */ = {isa = PBXFileReference; fileEncoding = 4; lastKnownFileType = sourcecode.c.objc; name = PresetSearchViewController.m; path = ../PresetSearchViewController.m; sourceTree = "<group>"; };
		897F02301958A4B200A770A6 /* DetailScrollViewController.h */ = {isa = PBXFileReference; fileEncoding = 4; lastKnownFileType = sourcecode.c.h; name = DetailScrollViewController.h; path = ../DetailScrollViewController.h; sourceTree = "<group>"; };
		897F02311958A4B200A770A6 /* DetailScrollViewController.m */ = {isa = PBXFileReference; fileEncoding = 4; lastKnownFileType = sourcecode.c.objc; name = DetailScrollViewController.m; path = ../DetailScrollViewController.m; sourceTree = "<group>"; };
		897F02331958E8D000A770A6 /* LoginViewController.h */ = {isa = PBXFileReference; fileEncoding = 4; lastKnownFileType = sourcecode.c.h; name = LoginViewController.h; path = ../LoginViewController.h; sourceTree = "<group>"; };
		897F02341958E8D000A770A6 /* LoginViewController.m */ = {isa = PBXFileReference; fileEncoding = 4; lastKnownFileType = sourcecode.c.objc; name = LoginViewController.m; path = ../LoginViewController.m; sourceTree = "<group>"; };
		898A7D6219A1925D00AED48B /* PresetSearchResultsTableViewController.h */ = {isa = PBXFileReference; fileEncoding = 4; lastKnownFileType = sourcecode.c.h; path = PresetSearchResultsTableViewController.h; sourceTree = "<group>"; };
		898A7D6319A1925D00AED48B /* PresetSearchResultsTableViewController.m */ = {isa = PBXFileReference; fileEncoding = 4; lastKnownFileType = sourcecode.c.objc; path = PresetSearchResultsTableViewController.m; sourceTree = "<group>"; };
		899616B419461E3100C75B99 /* PresetViewController.h */ = {isa = PBXFileReference; fileEncoding = 4; lastKnownFileType = sourcecode.c.h; name = PresetViewController.h; path = ../PresetViewController.h; sourceTree = "<group>"; };
		899616B519461E3100C75B99 /* PresetViewController.m */ = {isa = PBXFileReference; fileEncoding = 4; lastKnownFileType = sourcecode.c.objc; name = PresetViewController.m; path = ../PresetViewController.m; sourceTree = "<group>"; };
		899616B719464DF600C75B99 /* LanguageProcessing.h */ = {isa = PBXFileReference; fileEncoding = 4; lastKnownFileType = sourcecode.c.h; name = LanguageProcessing.h; path = ../LanguageProcessing.h; sourceTree = "<group>"; };
		899616B819464DF600C75B99 /* LanguageProcessing.m */ = {isa = PBXFileReference; fileEncoding = 4; lastKnownFileType = sourcecode.c.objc; name = LanguageProcessing.m; path = ../LanguageProcessing.m; sourceTree = "<group>"; };
		89A1438E1940E65700FDEC4F /* UIColor+BlankCheckColors.h */ = {isa = PBXFileReference; fileEncoding = 4; lastKnownFileType = sourcecode.c.h; name = "UIColor+BlankCheckColors.h"; path = "../UIColor+BlankCheckColors.h"; sourceTree = "<group>"; };
		89A1438F1940E65700FDEC4F /* UIColor+BlankCheckColors.m */ = {isa = PBXFileReference; fileEncoding = 4; lastKnownFileType = sourcecode.c.objc; name = "UIColor+BlankCheckColors.m"; path = "../UIColor+BlankCheckColors.m"; sourceTree = "<group>"; };
		89B06FC91950AD6100ACC733 /* SocialController.h */ = {isa = PBXFileReference; fileEncoding = 4; lastKnownFileType = sourcecode.c.h; name = SocialController.h; path = ../SocialController.h; sourceTree = "<group>"; };
		89B06FCA1950AD6100ACC733 /* SocialController.m */ = {isa = PBXFileReference; fileEncoding = 4; lastKnownFileType = sourcecode.c.objc; name = SocialController.m; path = ../SocialController.m; sourceTree = "<group>"; };
		89B571EA198059F3006FBF14 /* Language.h */ = {isa = PBXFileReference; fileEncoding = 4; lastKnownFileType = sourcecode.c.h; path = Language.h; sourceTree = "<group>"; };
		89B571EB198059F3006FBF14 /* Language.m */ = {isa = PBXFileReference; fileEncoding = 4; lastKnownFileType = sourcecode.c.objc; path = Language.m; sourceTree = "<group>"; };
		89B571ED198059F3006FBF14 /* Value.h */ = {isa = PBXFileReference; fileEncoding = 4; lastKnownFileType = sourcecode.c.h; path = Value.h; sourceTree = "<group>"; };
		89B571EE198059F3006FBF14 /* Value.m */ = {isa = PBXFileReference; fileEncoding = 4; lastKnownFileType = sourcecode.c.objc; path = Value.m; sourceTree = "<group>"; };
		89B571F0198059F3006FBF14 /* School.h */ = {isa = PBXFileReference; fileEncoding = 4; lastKnownFileType = sourcecode.c.h; path = School.h; sourceTree = "<group>"; };
		89B571F1198059F3006FBF14 /* School.m */ = {isa = PBXFileReference; fileEncoding = 4; lastKnownFileType = sourcecode.c.objc; path = School.m; sourceTree = "<group>"; };
		89B571F3198059F3006FBF14 /* Job.h */ = {isa = PBXFileReference; fileEncoding = 4; lastKnownFileType = sourcecode.c.h; path = Job.h; sourceTree = "<group>"; };
		89B571F4198059F3006FBF14 /* Job.m */ = {isa = PBXFileReference; fileEncoding = 4; lastKnownFileType = sourcecode.c.objc; path = Job.m; sourceTree = "<group>"; };
		89B6E4DC1986CD0600BB413E /* libsqlite3.0.dylib */ = {isa = PBXFileReference; lastKnownFileType = "compiled.mach-o.dylib"; name = libsqlite3.0.dylib; path = usr/lib/libsqlite3.0.dylib; sourceTree = SDKROOT; };
		89B6E4DF1986CD1600BB413E /* GAI.h */ = {isa = PBXFileReference; fileEncoding = 4; lastKnownFileType = sourcecode.c.h; path = GAI.h; sourceTree = "<group>"; };
		89B6E4E01986CD1600BB413E /* GAIDictionaryBuilder.h */ = {isa = PBXFileReference; fileEncoding = 4; lastKnownFileType = sourcecode.c.h; path = GAIDictionaryBuilder.h; sourceTree = "<group>"; };
		89B6E4E11986CD1600BB413E /* GAIEcommerceFields.h */ = {isa = PBXFileReference; fileEncoding = 4; lastKnownFileType = sourcecode.c.h; path = GAIEcommerceFields.h; sourceTree = "<group>"; };
		89B6E4E21986CD1600BB413E /* GAIEcommerceProduct.h */ = {isa = PBXFileReference; fileEncoding = 4; lastKnownFileType = sourcecode.c.h; path = GAIEcommerceProduct.h; sourceTree = "<group>"; };
		89B6E4E31986CD1600BB413E /* GAIEcommerceProductAction.h */ = {isa = PBXFileReference; fileEncoding = 4; lastKnownFileType = sourcecode.c.h; path = GAIEcommerceProductAction.h; sourceTree = "<group>"; };
		89B6E4E41986CD1600BB413E /* GAIEcommercePromotion.h */ = {isa = PBXFileReference; fileEncoding = 4; lastKnownFileType = sourcecode.c.h; path = GAIEcommercePromotion.h; sourceTree = "<group>"; };
		89B6E4E51986CD1600BB413E /* GAIFields.h */ = {isa = PBXFileReference; fileEncoding = 4; lastKnownFileType = sourcecode.c.h; path = GAIFields.h; sourceTree = "<group>"; };
		89B6E4E61986CD1600BB413E /* GAILogger.h */ = {isa = PBXFileReference; fileEncoding = 4; lastKnownFileType = sourcecode.c.h; path = GAILogger.h; sourceTree = "<group>"; };
		89B6E4E71986CD1600BB413E /* GAITrackedViewController.h */ = {isa = PBXFileReference; fileEncoding = 4; lastKnownFileType = sourcecode.c.h; path = GAITrackedViewController.h; sourceTree = "<group>"; };
		89B6E4E81986CD1600BB413E /* GAITracker.h */ = {isa = PBXFileReference; fileEncoding = 4; lastKnownFileType = sourcecode.c.h; path = GAITracker.h; sourceTree = "<group>"; };
		89B6E4E91986CD1600BB413E /* libGoogleAnalyticsServices.a */ = {isa = PBXFileReference; lastKnownFileType = archive.ar; path = libGoogleAnalyticsServices.a; sourceTree = "<group>"; };
		89C973AB192564AF00EC6004 /* Blank Check.app */ = {isa = PBXFileReference; explicitFileType = wrapper.application; includeInIndex = 0; path = "Blank Check.app"; sourceTree = BUILT_PRODUCTS_DIR; };
		89C973AE192564AF00EC6004 /* Foundation.framework */ = {isa = PBXFileReference; lastKnownFileType = wrapper.framework; name = Foundation.framework; path = System/Library/Frameworks/Foundation.framework; sourceTree = SDKROOT; };
		89C973B0192564AF00EC6004 /* CoreGraphics.framework */ = {isa = PBXFileReference; lastKnownFileType = wrapper.framework; name = CoreGraphics.framework; path = System/Library/Frameworks/CoreGraphics.framework; sourceTree = SDKROOT; };
		89C973B2192564AF00EC6004 /* UIKit.framework */ = {isa = PBXFileReference; lastKnownFileType = wrapper.framework; name = UIKit.framework; path = System/Library/Frameworks/UIKit.framework; sourceTree = SDKROOT; };
		89C973B6192564AF00EC6004 /* Blank Check-Info.plist */ = {isa = PBXFileReference; lastKnownFileType = text.plist.xml; path = "Blank Check-Info.plist"; sourceTree = "<group>"; };
		89C973B8192564AF00EC6004 /* en */ = {isa = PBXFileReference; lastKnownFileType = text.plist.strings; name = en; path = en.lproj/InfoPlist.strings; sourceTree = "<group>"; };
		89C973BA192564AF00EC6004 /* main.m */ = {isa = PBXFileReference; lastKnownFileType = sourcecode.c.objc; path = main.m; sourceTree = "<group>"; };
		89C973BC192564AF00EC6004 /* Blank Check-Prefix.pch */ = {isa = PBXFileReference; lastKnownFileType = sourcecode.c.h; path = "Blank Check-Prefix.pch"; sourceTree = "<group>"; };
		89C973BD192564AF00EC6004 /* AppDelegate.h */ = {isa = PBXFileReference; lastKnownFileType = sourcecode.c.h; path = AppDelegate.h; sourceTree = "<group>"; };
		89C973BE192564AF00EC6004 /* AppDelegate.m */ = {isa = PBXFileReference; lastKnownFileType = sourcecode.c.objc; path = AppDelegate.m; sourceTree = "<group>"; };
		89C973C1192564AF00EC6004 /* Base */ = {isa = PBXFileReference; lastKnownFileType = file.storyboard; name = Base; path = Base.lproj/Main_iPhone.storyboard; sourceTree = "<group>"; };
		89C973C4192564AF00EC6004 /* Base */ = {isa = PBXFileReference; lastKnownFileType = file.storyboard; name = Base; path = Base.lproj/Main_iPad.storyboard; sourceTree = "<group>"; };
		89C973C6192564AF00EC6004 /* ViewController.h */ = {isa = PBXFileReference; lastKnownFileType = sourcecode.c.h; path = ViewController.h; sourceTree = "<group>"; };
		89C973C7192564AF00EC6004 /* ViewController.m */ = {isa = PBXFileReference; lastKnownFileType = sourcecode.c.objc; path = ViewController.m; sourceTree = "<group>"; };
		89C973C9192564AF00EC6004 /* Images.xcassets */ = {isa = PBXFileReference; lastKnownFileType = folder.assetcatalog; path = Images.xcassets; sourceTree = "<group>"; };
		89C973CF192564AF00EC6004 /* Blank CheckTests.xctest */ = {isa = PBXFileReference; explicitFileType = wrapper.cfbundle; includeInIndex = 0; path = "Blank CheckTests.xctest"; sourceTree = BUILT_PRODUCTS_DIR; };
		89C973D8192564AF00EC6004 /* Blank CheckTests-Info.plist */ = {isa = PBXFileReference; lastKnownFileType = text.plist.xml; path = "Blank CheckTests-Info.plist"; sourceTree = "<group>"; };
		89C973DA192564AF00EC6004 /* en */ = {isa = PBXFileReference; lastKnownFileType = text.plist.strings; name = en; path = en.lproj/InfoPlist.strings; sourceTree = "<group>"; };
		89C973DC192564AF00EC6004 /* Blank_CheckTests.m */ = {isa = PBXFileReference; lastKnownFileType = sourcecode.c.objc; path = Blank_CheckTests.m; sourceTree = "<group>"; };
		89C973E61925650C00EC6004 /* NetworkController.h */ = {isa = PBXFileReference; fileEncoding = 4; lastKnownFileType = sourcecode.c.h; name = NetworkController.h; path = ../NetworkController.h; sourceTree = "<group>"; };
		89C973E71925650C00EC6004 /* NetworkController.m */ = {isa = PBXFileReference; fileEncoding = 4; lastKnownFileType = sourcecode.c.objc; name = NetworkController.m; path = ../NetworkController.m; sourceTree = "<group>"; };
		89C973E9192565D800EC6004 /* Constants.h */ = {isa = PBXFileReference; fileEncoding = 4; lastKnownFileType = sourcecode.c.h; name = Constants.h; path = ../Constants.h; sourceTree = "<group>"; };
		89C973EA192565D800EC6004 /* Constants.m */ = {isa = PBXFileReference; fileEncoding = 4; lastKnownFileType = sourcecode.c.objc; name = Constants.m; path = ../Constants.m; sourceTree = "<group>"; };
		89D24ACD198AA7870042967E /* PauseViewController.h */ = {isa = PBXFileReference; fileEncoding = 4; lastKnownFileType = sourcecode.c.h; path = PauseViewController.h; sourceTree = "<group>"; };
		89D24ACE198AA7870042967E /* PauseViewController.m */ = {isa = PBXFileReference; fileEncoding = 4; lastKnownFileType = sourcecode.c.objc; path = PauseViewController.m; sourceTree = "<group>"; };
		89D417A8197858D300A0CA4F /* BlankCheck.xcdatamodel */ = {isa = PBXFileReference; lastKnownFileType = wrapper.xcdatamodel; path = BlankCheck.xcdatamodel; sourceTree = "<group>"; };
		89F1F8D1197042B100ECC1B3 /* QuartzCore.framework */ = {isa = PBXFileReference; lastKnownFileType = wrapper.framework; name = QuartzCore.framework; path = System/Library/Frameworks/QuartzCore.framework; sourceTree = SDKROOT; };
		89F1F8D3197042B500ECC1B3 /* CoreText.framework */ = {isa = PBXFileReference; lastKnownFileType = wrapper.framework; name = CoreText.framework; path = System/Library/Frameworks/CoreText.framework; sourceTree = SDKROOT; };
		89F1F8D5197042BD00ECC1B3 /* Security.framework */ = {isa = PBXFileReference; lastKnownFileType = wrapper.framework; name = Security.framework; path = System/Library/Frameworks/Security.framework; sourceTree = SDKROOT; };
		89F1F8D7197042C400ECC1B3 /* SystemConfiguration.framework */ = {isa = PBXFileReference; lastKnownFileType = wrapper.framework; name = SystemConfiguration.framework; path = System/Library/Frameworks/SystemConfiguration.framework; sourceTree = SDKROOT; };
		89F1F8EE1970889F00ECC1B3 /* HockeySDK.framework */ = {isa = PBXFileReference; lastKnownFileType = wrapper.framework; path = HockeySDK.framework; sourceTree = "<group>"; };
		89F1F8F01970889F00ECC1B3 /* HockeySDK.xcconfig */ = {isa = PBXFileReference; fileEncoding = 4; lastKnownFileType = text.xcconfig; path = HockeySDK.xcconfig; sourceTree = "<group>"; };
		89F1F8F11970889F00ECC1B3 /* HockeySDKResources.bundle */ = {isa = PBXFileReference; lastKnownFileType = "wrapper.plug-in"; path = HockeySDKResources.bundle; sourceTree = "<group>"; };
		89F8AE0A1977147600FF37D1 /* Flurry.h */ = {isa = PBXFileReference; fileEncoding = 4; lastKnownFileType = sourcecode.c.h; path = Flurry.h; sourceTree = "<group>"; };
		89F8AE0B1977147600FF37D1 /* libFlurry_5.2.0.a */ = {isa = PBXFileReference; lastKnownFileType = archive.ar; path = libFlurry_5.2.0.a; sourceTree = "<group>"; };
		89FEC8C219A67C4F00964585 /* LocationController.h */ = {isa = PBXFileReference; fileEncoding = 4; lastKnownFileType = sourcecode.c.h; path = LocationController.h; sourceTree = "<group>"; };
		89FEC8C319A67C4F00964585 /* LocationController.m */ = {isa = PBXFileReference; fileEncoding = 4; lastKnownFileType = sourcecode.c.objc; path = LocationController.m; sourceTree = "<group>"; };
		89FEC8C819A67DF500964585 /* Worker.h */ = {isa = PBXFileReference; fileEncoding = 4; lastKnownFileType = sourcecode.c.h; path = Worker.h; sourceTree = "<group>"; };
		89FEC8C919A67DF500964585 /* Worker.m */ = {isa = PBXFileReference; fileEncoding = 4; lastKnownFileType = sourcecode.c.objc; path = Worker.m; sourceTree = "<group>"; };
		89FEC8CB19A6924800964585 /* Connection.h */ = {isa = PBXFileReference; fileEncoding = 4; lastKnownFileType = sourcecode.c.h; path = Connection.h; sourceTree = "<group>"; };
		89FEC8CC19A6924800964585 /* Connection.m */ = {isa = PBXFileReference; fileEncoding = 4; lastKnownFileType = sourcecode.c.objc; path = Connection.m; sourceTree = "<group>"; };
		89FEC91219A9415800964585 /* OldController.h */ = {isa = PBXFileReference; fileEncoding = 4; lastKnownFileType = sourcecode.c.h; path = OldController.h; sourceTree = "<group>"; };
		89FEC91319A9415800964585 /* OldController.m */ = {isa = PBXFileReference; fileEncoding = 4; lastKnownFileType = sourcecode.c.objc; path = OldController.m; sourceTree = "<group>"; };
		89FEC91519AB9E0D00964585 /* NSURLSessionHelper.h */ = {isa = PBXFileReference; fileEncoding = 4; lastKnownFileType = sourcecode.c.h; path = NSURLSessionHelper.h; sourceTree = "<group>"; };
		89FEC91619AB9E0D00964585 /* NSURLSessionHelper.m */ = {isa = PBXFileReference; fileEncoding = 4; lastKnownFileType = sourcecode.c.objc; path = NSURLSessionHelper.m; sourceTree = "<group>"; };
		8D88B6EE341E4BB49404DDD2 /* libPods.a */ = {isa = PBXFileReference; explicitFileType = archive.ar; includeInIndex = 0; path = libPods.a; sourceTree = BUILT_PRODUCTS_DIR; };
		CF0FF877FE3843E6B32D913D /* Pods.xcconfig */ = {isa = PBXFileReference; includeInIndex = 1; lastKnownFileType = text.xcconfig; name = Pods.xcconfig; path = Pods/Pods.xcconfig; sourceTree = "<group>"; };
/* End PBXFileReference section */

/* Begin PBXFrameworksBuildPhase section */
		89C973A8192564AF00EC6004 /* Frameworks */ = {
			isa = PBXFrameworksBuildPhase;
			buildActionMask = 2147483647;
			files = (
				891A7FFD19A651F9000106C9 /* CoreLocation.framework in Frameworks */,
				89B6E4DD1986CD0600BB413E /* libsqlite3.0.dylib in Frameworks */,
				89B6E4751986C8BC00BB413E /* AdSupport.framework in Frameworks */,
				89B6E4741986C8AA00BB413E /* libz.dylib in Frameworks */,
				8971C6EE197C6FF80024D3A1 /* CoreData.framework in Frameworks */,
				89F1F8D8197042C400ECC1B3 /* SystemConfiguration.framework in Frameworks */,
				89F1F8D6197042BD00ECC1B3 /* Security.framework in Frameworks */,
				89F1F8D4197042B500ECC1B3 /* CoreText.framework in Frameworks */,
				89F1F8D2197042B100ECC1B3 /* QuartzCore.framework in Frameworks */,
				89B6E4EA1986CD1600BB413E /* libGoogleAnalyticsServices.a in Frameworks */,
				89F1F8F21970889F00ECC1B3 /* HockeySDK.framework in Frameworks */,
				89C973B1192564AF00EC6004 /* CoreGraphics.framework in Frameworks */,
				89C973B3192564AF00EC6004 /* UIKit.framework in Frameworks */,
				89C973AF192564AF00EC6004 /* Foundation.framework in Frameworks */,
				4F6ABBBCFE2E42399BFFEFC8 /* libPods.a in Frameworks */,
				89F8AE0C1977147600FF37D1 /* libFlurry_5.2.0.a in Frameworks */,
			);
			runOnlyForDeploymentPostprocessing = 0;
		};
		89C973CC192564AF00EC6004 /* Frameworks */ = {
			isa = PBXFrameworksBuildPhase;
			buildActionMask = 2147483647;
			files = (
				89C973D3192564AF00EC6004 /* UIKit.framework in Frameworks */,
				89C973D2192564AF00EC6004 /* Foundation.framework in Frameworks */,
			);
			runOnlyForDeploymentPostprocessing = 0;
		};
/* End PBXFrameworksBuildPhase section */

/* Begin PBXGroup section */
		8910F3201937AD1300955812 /* Model */ = {
			isa = PBXGroup;
			children = (
				89800C4F1979E2C10051A844 /* Core Data */,
				89779E17196C530100AC81CA /* ExpertAppraisal.h */,
				89779E18196C530100AC81CA /* ExpertAppraisal.m */,
				89779E1A196C588C00AC81CA /* TimelineEvent.h */,
				89779E1B196C588C00AC81CA /* TimelineEvent.m */,
			);
			name = Model;
			path = ..;
			sourceTree = "<group>";
		};
		89800C4F1979E2C10051A844 /* Core Data */ = {
			isa = PBXGroup;
			children = (
				89B571EA198059F3006FBF14 /* Language.h */,
				89B571EB198059F3006FBF14 /* Language.m */,
				89B571ED198059F3006FBF14 /* Value.h */,
				89B571EE198059F3006FBF14 /* Value.m */,
				89B571F0198059F3006FBF14 /* School.h */,
				89B571F1198059F3006FBF14 /* School.m */,
				89B571F3198059F3006FBF14 /* Job.h */,
				89B571F4198059F3006FBF14 /* Job.m */,
				890129AD1986BE3300D9874A /* Note.h */,
				890129AE1986BE3300D9874A /* Note.m */,
				890129B61986BEA700D9874A /* Insight.h */,
				890129B71986BEA700D9874A /* Insight.m */,
				8945706019881FE00082D462 /* Recommendation.h */,
				8945706119881FE00082D462 /* Recommendation.m */,
				89FEC8C819A67DF500964585 /* Worker.h */,
				89FEC8C919A67DF500964585 /* Worker.m */,
				89FEC8CB19A6924800964585 /* Connection.h */,
				89FEC8CC19A6924800964585 /* Connection.m */,
			);
			name = "Core Data";
			sourceTree = "<group>";
		};
		89B6E4DE1986CD1600BB413E /* Google Analytics Library */ = {
			isa = PBXGroup;
			children = (
				89B6E4DF1986CD1600BB413E /* GAI.h */,
				89B6E4E01986CD1600BB413E /* GAIDictionaryBuilder.h */,
				89B6E4E11986CD1600BB413E /* GAIEcommerceFields.h */,
				89B6E4E21986CD1600BB413E /* GAIEcommerceProduct.h */,
				89B6E4E31986CD1600BB413E /* GAIEcommerceProductAction.h */,
				89B6E4E41986CD1600BB413E /* GAIEcommercePromotion.h */,
				89B6E4E51986CD1600BB413E /* GAIFields.h */,
				89B6E4E61986CD1600BB413E /* GAILogger.h */,
				89B6E4E71986CD1600BB413E /* GAITrackedViewController.h */,
				89B6E4E81986CD1600BB413E /* GAITracker.h */,
				89B6E4E91986CD1600BB413E /* libGoogleAnalyticsServices.a */,
			);
			path = "Google Analytics Library";
			sourceTree = "<group>";
		};
		89C973A2192564AF00EC6004 = {
			isa = PBXGroup;
			children = (
				89C973B4192564AF00EC6004 /* Blank Check */,
				89C973D6192564AF00EC6004 /* Blank CheckTests */,
				89C973AD192564AF00EC6004 /* Frameworks */,
				89C973AC192564AF00EC6004 /* Products */,
				CF0FF877FE3843E6B32D913D /* Pods.xcconfig */,
			);
			sourceTree = "<group>";
		};
		89C973AC192564AF00EC6004 /* Products */ = {
			isa = PBXGroup;
			children = (
				89C973AB192564AF00EC6004 /* Blank Check.app */,
				89C973CF192564AF00EC6004 /* Blank CheckTests.xctest */,
			);
			name = Products;
			sourceTree = "<group>";
		};
		89C973AD192564AF00EC6004 /* Frameworks */ = {
			isa = PBXGroup;
			children = (
				891A7FFC19A651F9000106C9 /* CoreLocation.framework */,
				89B6E4DC1986CD0600BB413E /* libsqlite3.0.dylib */,
				8937E7651976FE98004BA64D /* libz.dylib */,
				8937E7631976FE89004BA64D /* CoreData.framework */,
				8937E7611976FE82004BA64D /* AdSupport.framework */,
				89F1F8ED1970889F00ECC1B3 /* HockeySDK.embeddedframework */,
				89F1F8D7197042C400ECC1B3 /* SystemConfiguration.framework */,
				89F1F8D5197042BD00ECC1B3 /* Security.framework */,
				89F1F8D3197042B500ECC1B3 /* CoreText.framework */,
				89F1F8D1197042B100ECC1B3 /* QuartzCore.framework */,
				89C973AE192564AF00EC6004 /* Foundation.framework */,
				89C973B0192564AF00EC6004 /* CoreGraphics.framework */,
				89C973B2192564AF00EC6004 /* UIKit.framework */,
				8D88B6EE341E4BB49404DDD2 /* libPods.a */,
			);
			name = Frameworks;
			sourceTree = "<group>";
		};
		89C973B4192564AF00EC6004 /* Blank Check */ = {
			isa = PBXGroup;
			children = (
				89B6E4DE1986CD1600BB413E /* Google Analytics Library */,
				89F8AE091977147600FF37D1 /* Flurry */,
				8910F3201937AD1300955812 /* Model */,
				89C973F21925797F00EC6004 /* Misc */,
				89C973F11925797B00EC6004 /* Controller */,
				89C973F01925797700EC6004 /* View */,
				89C973BD192564AF00EC6004 /* AppDelegate.h */,
				89C973BE192564AF00EC6004 /* AppDelegate.m */,
				89C973C0192564AF00EC6004 /* Main_iPhone.storyboard */,
				89C973C3192564AF00EC6004 /* Main_iPad.storyboard */,
				89C973C9192564AF00EC6004 /* Images.xcassets */,
				89C973B5192564AF00EC6004 /* Supporting Files */,
			);
			path = "Blank Check";
			sourceTree = "<group>";
		};
		89C973B5192564AF00EC6004 /* Supporting Files */ = {
			isa = PBXGroup;
			children = (
				89C973B6192564AF00EC6004 /* Blank Check-Info.plist */,
				89C973B7192564AF00EC6004 /* InfoPlist.strings */,
				89C973BA192564AF00EC6004 /* main.m */,
				89C973BC192564AF00EC6004 /* Blank Check-Prefix.pch */,
			);
			name = "Supporting Files";
			sourceTree = "<group>";
		};
		89C973D6192564AF00EC6004 /* Blank CheckTests */ = {
			isa = PBXGroup;
			children = (
				89C973DC192564AF00EC6004 /* Blank_CheckTests.m */,
				89C973D7192564AF00EC6004 /* Supporting Files */,
			);
			path = "Blank CheckTests";
			sourceTree = "<group>";
		};
		89C973D7192564AF00EC6004 /* Supporting Files */ = {
			isa = PBXGroup;
			children = (
				89C973D8192564AF00EC6004 /* Blank CheckTests-Info.plist */,
				89C973D9192564AF00EC6004 /* InfoPlist.strings */,
			);
			name = "Supporting Files";
			sourceTree = "<group>";
		};
		89C973F01925797700EC6004 /* View */ = {
			isa = PBXGroup;
			children = (
				89779E11196B12F600AC81CA /* LoadingView.h */,
				89779E12196B12F600AC81CA /* LoadingView.m */,
				89779DF719648ACF00AC81CA /* ExpertAppraisalView.h */,
				89779DF819648ACF00AC81CA /* ExpertAppraisalView.m */,
				89779DF419648ABC00AC81CA /* TimelineView.h */,
				89779DF519648ABC00AC81CA /* TimelineView.m */,
				89779DF119648AAC00AC81CA /* UserInfoView.h */,
				89779DF219648AAC00AC81CA /* UserInfoView.m */,
				89779DEE196488E600AC81CA /* ExpertInsightView.h */,
				89779DEF196488E600AC81CA /* ExpertInsightView.m */,
				895AF663195235FD00B20DA6 /* FeedTableViewCell.h */,
				895AF664195235FD00B20DA6 /* FeedTableViewCell.m */,
				891B94641948C9FF00BEAEC9 /* BlankCheckViewCell.h */,
				891B94651948C9FF00BEAEC9 /* BlankCheckViewCell.m */,
				8971C734197F0E390024D3A1 /* ProblemView.h */,
				8971C735197F0E390024D3A1 /* ProblemView.m */,
				89571BB1199BE71200475614 /* NoteTableViewCell.h */,
				89571BB2199BE71200475614 /* NoteTableViewCell.m */,
			);
			name = View;
			sourceTree = "<group>";
		};
		89C973F11925797B00EC6004 /* Controller */ = {
			isa = PBXGroup;
			children = (
				89571BAB199ACFE600475614 /* SocialHelper.h */,
				89571BAC199ACFE600475614 /* SocialHelper.m */,
				89779E081965DCF700AC81CA /* SearchViewController.h */,
				89779E091965DCF700AC81CA /* SearchViewController.m */,
				897F02301958A4B200A770A6 /* DetailScrollViewController.h */,
				897F02311958A4B200A770A6 /* DetailScrollViewController.m */,
				897F02331958E8D000A770A6 /* LoginViewController.h */,
				897F02341958E8D000A770A6 /* LoginViewController.m */,
				895AF660195235A700B20DA6 /* FeedBrowserTableViewController.h */,
				895AF661195235A700B20DA6 /* FeedBrowserTableViewController.m */,
				89B06FC91950AD6100ACC733 /* SocialController.h */,
				89B06FCA1950AD6100ACC733 /* SocialController.m */,
				891B94611948C84600BEAEC9 /* FeedControllerViewController.h */,
				891B94621948C84600BEAEC9 /* FeedControllerViewController.m */,
				899616B419461E3100C75B99 /* PresetViewController.h */,
				899616B519461E3100C75B99 /* PresetViewController.m */,
				8978FBC9193E562600BF0921 /* PresetSearchViewController.h */,
				8978FBCA193E562600BF0921 /* PresetSearchViewController.m */,
				89C973C6192564AF00EC6004 /* ViewController.h */,
				89C973C7192564AF00EC6004 /* ViewController.m */,
				89C973E61925650C00EC6004 /* NetworkController.h */,
				89C973E71925650C00EC6004 /* NetworkController.m */,
				8971C71C197D85600024D3A1 /* CoreDataHelper.h */,
				8971C71D197D85600024D3A1 /* CoreDataHelper.m */,
				89287EA519817DD600382C81 /* SideTableViewController.h */,
				89287EA619817DD600382C81 /* SideTableViewController.m */,
				89D24ACD198AA7870042967E /* PauseViewController.h */,
				89D24ACE198AA7870042967E /* PauseViewController.m */,
				89571BAE199BE5E200475614 /* NoteTableViewController.h */,
				89571BAF199BE5E200475614 /* NoteTableViewController.m */,
				898A7D6219A1925D00AED48B /* PresetSearchResultsTableViewController.h */,
				898A7D6319A1925D00AED48B /* PresetSearchResultsTableViewController.m */,
				896DB15D19A3B5FA00731649 /* ValueController.h */,
				896DB15E19A3B5FA00731649 /* ValueController.m */,
				89FEC8C219A67C4F00964585 /* LocationController.h */,
				89FEC8C319A67C4F00964585 /* LocationController.m */,
				89FEC91219A9415800964585 /* OldController.h */,
				89FEC91319A9415800964585 /* OldController.m */,
				89FEC91519AB9E0D00964585 /* NSURLSessionHelper.h */,
				89FEC91619AB9E0D00964585 /* NSURLSessionHelper.m */,
			);
			name = Controller;
			sourceTree = "<group>";
		};
		89C973F21925797F00EC6004 /* Misc */ = {
			isa = PBXGroup;
			children = (
				89D417A7197858D300A0CA4F /* BlankCheck.xcdatamodeld */,
				89C973E9192565D800EC6004 /* Constants.h */,
				89C973EA192565D800EC6004 /* Constants.m */,
				899616B719464DF600C75B99 /* LanguageProcessing.h */,
				899616B819464DF600C75B99 /* LanguageProcessing.m */,
				89A1438E1940E65700FDEC4F /* UIColor+BlankCheckColors.h */,
				89A1438F1940E65700FDEC4F /* UIColor+BlankCheckColors.m */,
			);
			name = Misc;
			sourceTree = "<group>";
		};
		89F1F8ED1970889F00ECC1B3 /* HockeySDK.embeddedframework */ = {
			isa = PBXGroup;
			children = (
				89F1F8EE1970889F00ECC1B3 /* HockeySDK.framework */,
				89F1F8EF1970889F00ECC1B3 /* Resources */,
			);
			path = HockeySDK.embeddedframework;
			sourceTree = "<group>";
		};
		89F1F8EF1970889F00ECC1B3 /* Resources */ = {
			isa = PBXGroup;
			children = (
				89F1F8F01970889F00ECC1B3 /* HockeySDK.xcconfig */,
				89F1F8F11970889F00ECC1B3 /* HockeySDKResources.bundle */,
			);
			path = Resources;
			sourceTree = "<group>";
		};
		89F8AE091977147600FF37D1 /* Flurry */ = {
			isa = PBXGroup;
			children = (
				89F8AE0A1977147600FF37D1 /* Flurry.h */,
				89F8AE0B1977147600FF37D1 /* libFlurry_5.2.0.a */,
			);
			path = Flurry;
			sourceTree = "<group>";
		};
/* End PBXGroup section */

/* Begin PBXNativeTarget section */
		89C973AA192564AF00EC6004 /* Blank Check */ = {
			isa = PBXNativeTarget;
			buildConfigurationList = 89C973E0192564AF00EC6004 /* Build configuration list for PBXNativeTarget "Blank Check" */;
			buildPhases = (
				A97F0967E0064B56ABCEFB8B /* Check Pods Manifest.lock */,
				89C973A7192564AF00EC6004 /* Sources */,
				89C973A8192564AF00EC6004 /* Frameworks */,
				89C973A9192564AF00EC6004 /* Resources */,
				89F1F8D01970429000ECC1B3 /* ShellScript */,
				28FDEF8F7BF441A89B10CB84 /* Copy Pods Resources */,
			);
			buildRules = (
			);
			dependencies = (
			);
			name = "Blank Check";
			productName = "Blank Check";
			productReference = 89C973AB192564AF00EC6004 /* Blank Check.app */;
			productType = "com.apple.product-type.application";
		};
		89C973CE192564AF00EC6004 /* Blank CheckTests */ = {
			isa = PBXNativeTarget;
			buildConfigurationList = 89C973E3192564AF00EC6004 /* Build configuration list for PBXNativeTarget "Blank CheckTests" */;
			buildPhases = (
				89C973CB192564AF00EC6004 /* Sources */,
				89C973CC192564AF00EC6004 /* Frameworks */,
				89C973CD192564AF00EC6004 /* Resources */,
			);
			buildRules = (
			);
			dependencies = (
				89C973D5192564AF00EC6004 /* PBXTargetDependency */,
				8964CCA61970953C0026619A /* PBXTargetDependency */,
				8964CCA81970953C0026619A /* PBXTargetDependency */,
			);
			name = "Blank CheckTests";
			productName = "Blank CheckTests";
			productReference = 89C973CF192564AF00EC6004 /* Blank CheckTests.xctest */;
			productType = "com.apple.product-type.bundle.unit-test";
		};
/* End PBXNativeTarget section */

/* Begin PBXProject section */
		89C973A3192564AF00EC6004 /* Project object */ = {
			isa = PBXProject;
			attributes = {
				LastUpgradeCheck = 0510;
				ORGANIZATIONNAME = "Blank Check Labs";
				TargetAttributes = {
					89C973AA192564AF00EC6004 = {
						DevelopmentTeam = 98932SP3YP;
					};
				};
			};
			buildConfigurationList = 89C973A6192564AF00EC6004 /* Build configuration list for PBXProject "Blank Check" */;
			compatibilityVersion = "Xcode 3.2";
			developmentRegion = English;
			hasScannedForEncodings = 0;
			knownRegions = (
				en,
				Base,
			);
			mainGroup = 89C973A2192564AF00EC6004;
			productRefGroup = 89C973AC192564AF00EC6004 /* Products */;
			projectDirPath = "";
			projectRoot = "";
			targets = (
				89C973AA192564AF00EC6004 /* Blank Check */,
				89C973CE192564AF00EC6004 /* Blank CheckTests */,
			);
		};
/* End PBXProject section */

/* Begin PBXResourcesBuildPhase section */
		89C973A9192564AF00EC6004 /* Resources */ = {
			isa = PBXResourcesBuildPhase;
			buildActionMask = 2147483647;
			files = (
				89C973C5192564AF00EC6004 /* Main_iPad.storyboard in Resources */,
				89F1F8F31970889F00ECC1B3 /* HockeySDK.xcconfig in Resources */,
				89C973CA192564AF00EC6004 /* Images.xcassets in Resources */,
				89C973C2192564AF00EC6004 /* Main_iPhone.storyboard in Resources */,
				89C973B9192564AF00EC6004 /* InfoPlist.strings in Resources */,
				89F1F8F41970889F00ECC1B3 /* HockeySDKResources.bundle in Resources */,
			);
			runOnlyForDeploymentPostprocessing = 0;
		};
		89C973CD192564AF00EC6004 /* Resources */ = {
			isa = PBXResourcesBuildPhase;
			buildActionMask = 2147483647;
			files = (
				89C973DB192564AF00EC6004 /* InfoPlist.strings in Resources */,
			);
			runOnlyForDeploymentPostprocessing = 0;
		};
/* End PBXResourcesBuildPhase section */

/* Begin PBXShellScriptBuildPhase section */
		28FDEF8F7BF441A89B10CB84 /* Copy Pods Resources */ = {
			isa = PBXShellScriptBuildPhase;
			buildActionMask = 2147483647;
			files = (
			);
			inputPaths = (
			);
			name = "Copy Pods Resources";
			outputPaths = (
			);
			runOnlyForDeploymentPostprocessing = 0;
			shellPath = /bin/sh;
			shellScript = "\"${SRCROOT}/Pods/Pods-resources.sh\"\n";
			showEnvVarsInLog = 0;
		};
		89F1F8D01970429000ECC1B3 /* ShellScript */ = {
			isa = PBXShellScriptBuildPhase;
			buildActionMask = 2147483647;
			files = (
			);
			inputPaths = (
			);
			outputPaths = (
			);
			runOnlyForDeploymentPostprocessing = 0;
			shellPath = /bin/sh;
			shellScript = "FILE=\"${SRCROOT}/HockeySDK-iOS/BuildAgent\"\nif [ -f \"$FILE\" ]; then\n\"$FILE\"\nfi";
		};
		A97F0967E0064B56ABCEFB8B /* Check Pods Manifest.lock */ = {
			isa = PBXShellScriptBuildPhase;
			buildActionMask = 2147483647;
			files = (
			);
			inputPaths = (
			);
			name = "Check Pods Manifest.lock";
			outputPaths = (
			);
			runOnlyForDeploymentPostprocessing = 0;
			shellPath = /bin/sh;
			shellScript = "diff \"${PODS_ROOT}/../Podfile.lock\" \"${PODS_ROOT}/Manifest.lock\" > /dev/null\nif [[ $? != 0 ]] ; then\n    cat << EOM\nerror: The sandbox is not in sync with the Podfile.lock. Run 'pod install' or update your CocoaPods installation.\nEOM\n    exit 1\nfi\n";
			showEnvVarsInLog = 0;
		};
/* End PBXShellScriptBuildPhase section */

/* Begin PBXSourcesBuildPhase section */
		89C973A7192564AF00EC6004 /* Sources */ = {
			isa = PBXSourcesBuildPhase;
			buildActionMask = 2147483647;
			files = (
				89779E19196C530100AC81CA /* ExpertAppraisal.m in Sources */,
				89287EA719817DD600382C81 /* SideTableViewController.m in Sources */,
				89779E13196B12F600AC81CA /* LoadingView.m in Sources */,
				897F02351958E8D000A770A6 /* LoginViewController.m in Sources */,
				89FEC8CD19A6924800964585 /* Connection.m in Sources */,
				89779DF619648ABC00AC81CA /* TimelineView.m in Sources */,
				89571BAD199ACFE600475614 /* SocialHelper.m in Sources */,
				89779E1C196C588C00AC81CA /* TimelineEvent.m in Sources */,
				89779DF0196488E600AC81CA /* ExpertInsightView.m in Sources */,
				89779DF919648ACF00AC81CA /* ExpertAppraisalView.m in Sources */,
				89C973EB192565D800EC6004 /* Constants.m in Sources */,
				89C973E81925650C00EC6004 /* NetworkController.m in Sources */,
				895AF665195235FD00B20DA6 /* FeedTableViewCell.m in Sources */,
				898A7D6419A1925D00AED48B /* PresetSearchResultsTableViewController.m in Sources */,
				896DB15F19A3B5FA00731649 /* ValueController.m in Sources */,
				89FEC8CA19A67DF500964585 /* Worker.m in Sources */,
				890129B81986BEA700D9874A /* Insight.m in Sources */,
				89B571F2198059F3006FBF14 /* School.m in Sources */,
				8971C736197F0E390024D3A1 /* ProblemView.m in Sources */,
				89FEC8C419A67C4F00964585 /* LocationController.m in Sources */,
				895AF662195235A700B20DA6 /* FeedBrowserTableViewController.m in Sources */,
				89779E0A1965DCF700AC81CA /* SearchViewController.m in Sources */,
				89C973C8192564AF00EC6004 /* ViewController.m in Sources */,
				89A143901940E65700FDEC4F /* UIColor+BlankCheckColors.m in Sources */,
				89C973BF192564AF00EC6004 /* AppDelegate.m in Sources */,
				89D24ACF198AA7870042967E /* PauseViewController.m in Sources */,
				89D417A9197858D300A0CA4F /* BlankCheck.xcdatamodeld in Sources */,
				890129AF1986BE3300D9874A /* Note.m in Sources */,
				89571BB3199BE71200475614 /* NoteTableViewCell.m in Sources */,
				891B94661948C9FF00BEAEC9 /* BlankCheckViewCell.m in Sources */,
				89B571EF198059F3006FBF14 /* Value.m in Sources */,
				89FEC91719AB9E0D00964585 /* NSURLSessionHelper.m in Sources */,
				8978FBCB193E562600BF0921 /* PresetSearchViewController.m in Sources */,
				89B571EC198059F3006FBF14 /* Language.m in Sources */,
				89C973BB192564AF00EC6004 /* main.m in Sources */,
				891B94631948C84600BEAEC9 /* FeedControllerViewController.m in Sources */,
				899616B619461E3100C75B99 /* PresetViewController.m in Sources */,
				897F02321958A4B200A770A6 /* DetailScrollViewController.m in Sources */,
				89B06FCB1950AD6100ACC733 /* SocialController.m in Sources */,
				8971C71E197D85600024D3A1 /* CoreDataHelper.m in Sources */,
				89B571F5198059F3006FBF14 /* Job.m in Sources */,
				899616B919464DF600C75B99 /* LanguageProcessing.m in Sources */,
				89FEC91419A9415800964585 /* OldController.m in Sources */,
				89779DF319648AAC00AC81CA /* UserInfoView.m in Sources */,
				89571BB0199BE5E200475614 /* NoteTableViewController.m in Sources */,
			);
			runOnlyForDeploymentPostprocessing = 0;
		};
		89C973CB192564AF00EC6004 /* Sources */ = {
			isa = PBXSourcesBuildPhase;
			buildActionMask = 2147483647;
			files = (
				89C973DD192564AF00EC6004 /* Blank_CheckTests.m in Sources */,
			);
			runOnlyForDeploymentPostprocessing = 0;
		};
/* End PBXSourcesBuildPhase section */

/* Begin PBXTargetDependency section */
		8964CCA61970953C0026619A /* PBXTargetDependency */ = {
			isa = PBXTargetDependency;
			target = 89C973AA192564AF00EC6004 /* Blank Check */;
			targetProxy = 8964CCA51970953C0026619A /* PBXContainerItemProxy */;
		};
		8964CCA81970953C0026619A /* PBXTargetDependency */ = {
			isa = PBXTargetDependency;
			target = 89C973AA192564AF00EC6004 /* Blank Check */;
			targetProxy = 8964CCA71970953C0026619A /* PBXContainerItemProxy */;
		};
		89C973D5192564AF00EC6004 /* PBXTargetDependency */ = {
			isa = PBXTargetDependency;
			target = 89C973AA192564AF00EC6004 /* Blank Check */;
			targetProxy = 89C973D4192564AF00EC6004 /* PBXContainerItemProxy */;
		};
/* End PBXTargetDependency section */

/* Begin PBXVariantGroup section */
		89C973B7192564AF00EC6004 /* InfoPlist.strings */ = {
			isa = PBXVariantGroup;
			children = (
				89C973B8192564AF00EC6004 /* en */,
			);
			name = InfoPlist.strings;
			sourceTree = "<group>";
		};
		89C973C0192564AF00EC6004 /* Main_iPhone.storyboard */ = {
			isa = PBXVariantGroup;
			children = (
				89C973C1192564AF00EC6004 /* Base */,
			);
			name = Main_iPhone.storyboard;
			sourceTree = "<group>";
		};
		89C973C3192564AF00EC6004 /* Main_iPad.storyboard */ = {
			isa = PBXVariantGroup;
			children = (
				89C973C4192564AF00EC6004 /* Base */,
			);
			name = Main_iPad.storyboard;
			sourceTree = "<group>";
		};
		89C973D9192564AF00EC6004 /* InfoPlist.strings */ = {
			isa = PBXVariantGroup;
			children = (
				89C973DA192564AF00EC6004 /* en */,
			);
			name = InfoPlist.strings;
			sourceTree = "<group>";
		};
/* End PBXVariantGroup section */

/* Begin XCBuildConfiguration section */
		89C973DE192564AF00EC6004 /* Debug */ = {
			isa = XCBuildConfiguration;
			buildSettings = {
				ALWAYS_SEARCH_USER_PATHS = NO;
				CLANG_CXX_LANGUAGE_STANDARD = "gnu++0x";
				CLANG_CXX_LIBRARY = "libc++";
				CLANG_ENABLE_MODULES = YES;
				CLANG_ENABLE_OBJC_ARC = YES;
				CLANG_WARN_BOOL_CONVERSION = YES;
				CLANG_WARN_CONSTANT_CONVERSION = YES;
				CLANG_WARN_DIRECT_OBJC_ISA_USAGE = YES_ERROR;
				CLANG_WARN_EMPTY_BODY = YES;
				CLANG_WARN_ENUM_CONVERSION = YES;
				CLANG_WARN_INT_CONVERSION = YES;
				CLANG_WARN_OBJC_ROOT_CLASS = YES_ERROR;
				CLANG_WARN__DUPLICATE_METHOD_MATCH = YES;
				"CODE_SIGN_IDENTITY[sdk=iphoneos*]" = "iPhone Developer";
				COPY_PHASE_STRIP = NO;
				GCC_C_LANGUAGE_STANDARD = gnu99;
				GCC_DYNAMIC_NO_PIC = NO;
				GCC_OPTIMIZATION_LEVEL = 0;
				GCC_PREPROCESSOR_DEFINITIONS = (
					"DEBUG=1",
					"$(inherited)",
				);
				GCC_SYMBOLS_PRIVATE_EXTERN = NO;
				GCC_WARN_64_TO_32_BIT_CONVERSION = YES;
				GCC_WARN_ABOUT_RETURN_TYPE = YES_ERROR;
				GCC_WARN_UNDECLARED_SELECTOR = YES;
				GCC_WARN_UNINITIALIZED_AUTOS = YES_AGGRESSIVE;
				GCC_WARN_UNUSED_FUNCTION = YES;
				GCC_WARN_UNUSED_VARIABLE = YES;
				IPHONEOS_DEPLOYMENT_TARGET = 7.1;
				ONLY_ACTIVE_ARCH = YES;
				SDKROOT = iphoneos;
				TARGETED_DEVICE_FAMILY = "1,2";
			};
			name = Debug;
		};
		89C973DF192564AF00EC6004 /* Release */ = {
			isa = XCBuildConfiguration;
			buildSettings = {
				ALWAYS_SEARCH_USER_PATHS = NO;
				CLANG_CXX_LANGUAGE_STANDARD = "gnu++0x";
				CLANG_CXX_LIBRARY = "libc++";
				CLANG_ENABLE_MODULES = YES;
				CLANG_ENABLE_OBJC_ARC = YES;
				CLANG_WARN_BOOL_CONVERSION = YES;
				CLANG_WARN_CONSTANT_CONVERSION = YES;
				CLANG_WARN_DIRECT_OBJC_ISA_USAGE = YES_ERROR;
				CLANG_WARN_EMPTY_BODY = YES;
				CLANG_WARN_ENUM_CONVERSION = YES;
				CLANG_WARN_INT_CONVERSION = YES;
				CLANG_WARN_OBJC_ROOT_CLASS = YES_ERROR;
				CLANG_WARN__DUPLICATE_METHOD_MATCH = YES;
				"CODE_SIGN_IDENTITY[sdk=iphoneos*]" = "iPhone Developer";
				COPY_PHASE_STRIP = YES;
				ENABLE_NS_ASSERTIONS = NO;
				GCC_C_LANGUAGE_STANDARD = gnu99;
				GCC_WARN_64_TO_32_BIT_CONVERSION = YES;
				GCC_WARN_ABOUT_RETURN_TYPE = YES_ERROR;
				GCC_WARN_UNDECLARED_SELECTOR = YES;
				GCC_WARN_UNINITIALIZED_AUTOS = YES_AGGRESSIVE;
				GCC_WARN_UNUSED_FUNCTION = YES;
				GCC_WARN_UNUSED_VARIABLE = YES;
				IPHONEOS_DEPLOYMENT_TARGET = 7.1;
				SDKROOT = iphoneos;
				TARGETED_DEVICE_FAMILY = "1,2";
				VALIDATE_PRODUCT = YES;
			};
			name = Release;
		};
		89C973E1192564AF00EC6004 /* Debug */ = {
			isa = XCBuildConfiguration;
			baseConfigurationReference = CF0FF877FE3843E6B32D913D /* Pods.xcconfig */;
			buildSettings = {
				ASSETCATALOG_COMPILER_APPICON_NAME = AppIcon;
				ASSETCATALOG_COMPILER_LAUNCHIMAGE_NAME = LaunchImage;
				CODE_SIGN_IDENTITY = "iPhone Developer";
				"CODE_SIGN_IDENTITY[sdk=iphoneos*]" = "iPhone Developer";
				FRAMEWORK_SEARCH_PATHS = (
					"$(inherited)",
					"$(PROJECT_DIR)/HockeySDK.embeddedframework",
				);
				GCC_PRECOMPILE_PREFIX_HEADER = YES;
				GCC_PREFIX_HEADER = "Blank Check/Blank Check-Prefix.pch";
				INFOPLIST_FILE = "Blank Check/Blank Check-Info.plist";
				IPHONEOS_DEPLOYMENT_TARGET = 7.1;
				LIBRARY_SEARCH_PATHS = (
					"$(inherited)",
					"$(PROJECT_DIR)",
					"$(SRCROOT)/\"Blank Check\"/\"Google Analytics Library\"",
					"$(SRCROOT)/\"Blank Check\"/Flurry",
				);
				ONLY_ACTIVE_ARCH = YES;
				PRODUCT_NAME = "$(TARGET_NAME)";
				PROVISIONING_PROFILE = "";
				TARGETED_DEVICE_FAMILY = 1;
				WRAPPER_EXTENSION = app;
			};
			name = Debug;
		};
		89C973E2192564AF00EC6004 /* Release */ = {
			isa = XCBuildConfiguration;
			baseConfigurationReference = CF0FF877FE3843E6B32D913D /* Pods.xcconfig */;
			buildSettings = {
				ASSETCATALOG_COMPILER_APPICON_NAME = AppIcon;
				ASSETCATALOG_COMPILER_LAUNCHIMAGE_NAME = LaunchImage;
				CODE_SIGN_IDENTITY = "iPhone Developer";
				"CODE_SIGN_IDENTITY[sdk=iphoneos*]" = "iPhone Developer";
				FRAMEWORK_SEARCH_PATHS = (
					"$(inherited)",
					"$(PROJECT_DIR)/HockeySDK.embeddedframework",
				);
				GCC_PRECOMPILE_PREFIX_HEADER = YES;
				GCC_PREFIX_HEADER = "Blank Check/Blank Check-Prefix.pch";
				INFOPLIST_FILE = "Blank Check/Blank Check-Info.plist";
				IPHONEOS_DEPLOYMENT_TARGET = 7.1;
				LIBRARY_SEARCH_PATHS = (
					"$(inherited)",
					"$(PROJECT_DIR)",
					"$(SRCROOT)/\"Blank Check\"/\"Google Analytics Library\"",
					"$(SRCROOT)/\"Blank Check\"/Flurry",
				);
				ONLY_ACTIVE_ARCH = YES;
				PRODUCT_NAME = "$(TARGET_NAME)";
				PROVISIONING_PROFILE = "";
				TARGETED_DEVICE_FAMILY = 1;
				WRAPPER_EXTENSION = app;
			};
			name = Release;
		};
		89C973E4192564AF00EC6004 /* Debug */ = {
			isa = XCBuildConfiguration;
			buildSettings = {
				FRAMEWORK_SEARCH_PATHS = (
					"$(SDKROOT)/Developer/Library/Frameworks",
					"$(inherited)",
					"$(DEVELOPER_FRAMEWORKS_DIR)",
				);
				GCC_PRECOMPILE_PREFIX_HEADER = YES;
				GCC_PREFIX_HEADER = "Blank Check/Blank Check-Prefix.pch";
				GCC_PREPROCESSOR_DEFINITIONS = (
					"DEBUG=1",
					"$(inherited)",
				);
				INFOPLIST_FILE = "Blank CheckTests/Blank CheckTests-Info.plist";
				PRODUCT_NAME = "$(TARGET_NAME)";
				WRAPPER_EXTENSION = xctest;
			};
			name = Debug;
		};
		89C973E5192564AF00EC6004 /* Release */ = {
			isa = XCBuildConfiguration;
			buildSettings = {
				FRAMEWORK_SEARCH_PATHS = (
					"$(SDKROOT)/Developer/Library/Frameworks",
					"$(inherited)",
					"$(DEVELOPER_FRAMEWORKS_DIR)",
				);
				GCC_PRECOMPILE_PREFIX_HEADER = YES;
				GCC_PREFIX_HEADER = "Blank Check/Blank Check-Prefix.pch";
				INFOPLIST_FILE = "Blank CheckTests/Blank CheckTests-Info.plist";
				PRODUCT_NAME = "$(TARGET_NAME)";
				WRAPPER_EXTENSION = xctest;
			};
			name = Release;
		};
/* End XCBuildConfiguration section */

/* Begin XCConfigurationList section */
		89C973A6192564AF00EC6004 /* Build configuration list for PBXProject "Blank Check" */ = {
			isa = XCConfigurationList;
			buildConfigurations = (
				89C973DE192564AF00EC6004 /* Debug */,
				89C973DF192564AF00EC6004 /* Release */,
			);
			defaultConfigurationIsVisible = 0;
			defaultConfigurationName = Release;
		};
		89C973E0192564AF00EC6004 /* Build configuration list for PBXNativeTarget "Blank Check" */ = {
			isa = XCConfigurationList;
			buildConfigurations = (
				89C973E1192564AF00EC6004 /* Debug */,
				89C973E2192564AF00EC6004 /* Release */,
			);
			defaultConfigurationIsVisible = 0;
			defaultConfigurationName = Release;
		};
		89C973E3192564AF00EC6004 /* Build configuration list for PBXNativeTarget "Blank CheckTests" */ = {
			isa = XCConfigurationList;
			buildConfigurations = (
				89C973E4192564AF00EC6004 /* Debug */,
				89C973E5192564AF00EC6004 /* Release */,
			);
			defaultConfigurationIsVisible = 0;
			defaultConfigurationName = Release;
		};
/* End XCConfigurationList section */

/* Begin XCVersionGroup section */
		89D417A7197858D300A0CA4F /* BlankCheck.xcdatamodeld */ = {
			isa = XCVersionGroup;
			children = (
				89D417A8197858D300A0CA4F /* BlankCheck.xcdatamodel */,
			);
			currentVersion = 89D417A8197858D300A0CA4F /* BlankCheck.xcdatamodel */;
			name = BlankCheck.xcdatamodeld;
			path = ../BlankCheck.xcdatamodeld;
			sourceTree = "<group>";
			versionGroupType = wrapper.xcdatamodel;
		};
/* End XCVersionGroup section */
	};
	rootObject = 89C973A3192564AF00EC6004 /* Project object */;
}
